
Microsoft Visual Studio Solution File, Format Version 12.00
# Visual Studio Version 17
VisualStudioVersion = 17.14.36203.30 d17.14
MinimumVisualStudioVersion = 10.0.40219.1
Project("{FAE04EC0-301F-11D3-BF4B-00C04F79EFBC}") = "HelloWorldApp", "HelloWorldApp\HelloWorldApp.csproj", "{7F309F03-47DC-45F3-8D5E-3C3AD258D90B}"
EndProject
Global
	GlobalSection(SolutionConfigurationPlatforms) = preSolution
		Debug|Any CPU = Debug|Any CPU
		Release|Any CPU = Release|Any CPU
	EndGlobalSection
	GlobalSection(ProjectConfigurationPlatforms) = postSolution
		{7F309F03-47DC-45F3-8D5E-3C3AD258D90B}.Debug|Any CPU.ActiveCfg = Debug|Any CPU
		{7F309F03-47DC-45F3-8D5E-3C3AD258D90B}.Debug|Any CPU.Build.0 = Debug|Any CPU
		{7F309F03-47DC-45F3-8D5E-3C3AD258D90B}.Release|Any CPU.ActiveCfg = Release|Any CPU
		{7F309F03-47DC-45F3-8D5E-3C3AD258D90B}.Release|Any CPU.Build.0 = Release|Any CPU
	EndGlobalSection
	GlobalSection(SolutionProperties) = preSolution
		HideSolutionNode = FALSE
	EndGlobalSection
	GlobalSection(ExtensibilityGlobals) = postSolution
		SolutionGuid = {CF63C0FB-EE66-485E-9533-E4E07BEE1D48}
	EndGlobalSection
EndGlobal
